
Microsoft Visual Studio Solution File, Format Version 12.00
# Visual Studio Version 17
VisualStudioVersion = 17.6.33815.320
MinimumVisualStudioVersion = 10.0.40219.1
Project("{FAE04EC0-301F-11D3-BF4B-00C04F79EFBC}") = "WebApplicationTrupi", "WebApplicationTrupi.csproj", "{F6CA9480-6B7B-4BE6-B209-327469EF685E}"
EndProject
Global
	GlobalSection(SolutionConfigurationPlatforms) = preSolution
		Debug|Any CPU = Debug|Any CPU
		Release|Any CPU = Release|Any CPU
	EndGlobalSection
	GlobalSection(ProjectConfigurationPlatforms) = postSolution
		{F6CA9480-6B7B-4BE6-B209-327469EF685E}.Debug|Any CPU.ActiveCfg = Debug|Any CPU
		{F6CA9480-6B7B-4BE6-B209-327469EF685E}.Debug|Any CPU.Build.0 = Debug|Any CPU
		{F6CA9480-6B7B-4BE6-B209-327469EF685E}.Release|Any CPU.ActiveCfg = Release|Any CPU
		{F6CA9480-6B7B-4BE6-B209-327469EF685E}.Release|Any CPU.Build.0 = Release|Any CPU
	EndGlobalSection
	GlobalSection(SolutionProperties) = preSolution
		HideSolutionNode = FALSE
	EndGlobalSection
	GlobalSection(ExtensibilityGlobals) = postSolution
		SolutionGuid = {8BB7CB23-DFC4-4DED-94E4-5C6225227BD6}
	EndGlobalSection
EndGlobal
